
Microsoft Visual Studio Solution File, Format Version 12.00
# Visual Studio 15
VisualStudioVersion = 15.0.26403.0
MinimumVisualStudioVersion = 10.0.40219.1
Project("{FAE04EC0-301F-11D3-BF4B-00C04F79EFBC}") = "Card", "Card\Card.csproj", "{63722425-C485-47E0-A786-96002FB01E2F}"
EndProject
Project("{FAE04EC0-301F-11D3-BF4B-00C04F79EFBC}") = "Player", "Player\Player.csproj", "{60751F99-10B9-4D14-85DF-CC67B444FEAE}"
EndProject
Global
	GlobalSection(SolutionConfigurationPlatforms) = preSolution
		Debug|Any CPU = Debug|Any CPU
		Debug|x64 = Debug|x64
		Debug|x86 = Debug|x86
		Release|Any CPU = Release|Any CPU
		Release|x64 = Release|x64
		Release|x86 = Release|x86
	EndGlobalSection
	GlobalSection(ProjectConfigurationPlatforms) = postSolution
		{63722425-C485-47E0-A786-96002FB01E2F}.Debug|Any CPU.ActiveCfg = Debug|Any CPU
		{63722425-C485-47E0-A786-96002FB01E2F}.Debug|Any CPU.Build.0 = Debug|Any CPU
		{63722425-C485-47E0-A786-96002FB01E2F}.Debug|x64.ActiveCfg = Debug|Any CPU
		{63722425-C485-47E0-A786-96002FB01E2F}.Debug|x64.Build.0 = Debug|Any CPU
		{63722425-C485-47E0-A786-96002FB01E2F}.Debug|x86.ActiveCfg = Debug|Any CPU
		{63722425-C485-47E0-A786-96002FB01E2F}.Debug|x86.Build.0 = Debug|Any CPU
		{63722425-C485-47E0-A786-96002FB01E2F}.Release|Any CPU.ActiveCfg = Release|Any CPU
		{63722425-C485-47E0-A786-96002FB01E2F}.Release|Any CPU.Build.0 = Release|Any CPU
		{63722425-C485-47E0-A786-96002FB01E2F}.Release|x64.ActiveCfg = Release|Any CPU
		{63722425-C485-47E0-A786-96002FB01E2F}.Release|x64.Build.0 = Release|Any CPU
		{63722425-C485-47E0-A786-96002FB01E2F}.Release|x86.ActiveCfg = Release|Any CPU
		{63722425-C485-47E0-A786-96002FB01E2F}.Release|x86.Build.0 = Release|Any CPU
		{60751F99-10B9-4D14-85DF-CC67B444FEAE}.Debug|Any CPU.ActiveCfg = Debug|Any CPU
		{60751F99-10B9-4D14-85DF-CC67B444FEAE}.Debug|Any CPU.Build.0 = Debug|Any CPU
		{60751F99-10B9-4D14-85DF-CC67B444FEAE}.Debug|x64.ActiveCfg = Debug|Any CPU
		{60751F99-10B9-4D14-85DF-CC67B444FEAE}.Debug|x64.Build.0 = Debug|Any CPU
		{60751F99-10B9-4D14-85DF-CC67B444FEAE}.Debug|x86.ActiveCfg = Debug|Any CPU
		{60751F99-10B9-4D14-85DF-CC67B444FEAE}.Debug|x86.Build.0 = Debug|Any CPU
		{60751F99-10B9-4D14-85DF-CC67B444FEAE}.Release|Any CPU.ActiveCfg = Release|Any CPU
		{60751F99-10B9-4D14-85DF-CC67B444FEAE}.Release|Any CPU.Build.0 = Release|Any CPU
		{60751F99-10B9-4D14-85DF-CC67B444FEAE}.Release|x64.ActiveCfg = Release|Any CPU
		{60751F99-10B9-4D14-85DF-CC67B444FEAE}.Release|x64.Build.0 = Release|Any CPU
		{60751F99-10B9-4D14-85DF-CC67B444FEAE}.Release|x86.ActiveCfg = Release|Any CPU
		{60751F99-10B9-4D14-85DF-CC67B444FEAE}.Release|x86.Build.0 = Release|Any CPU
	EndGlobalSection
	GlobalSection(SolutionProperties) = preSolution
		HideSolutionNode = FALSE
	EndGlobalSection
EndGlobal
